// !$*UTF8*$!
{
	archiveVersion = 1;
	classes = {
	};
	objectVersion = 56;
	objects = {

/* Begin PBXBuildFile section */
		B218DA6F2DD4AA70002BF840 /* TodolistApp.swift in Sources */ = {isa = PBXBuildFile; fileRef = B218DA6E2DD4AA70002BF840 /* TodolistApp.swift */; };
		B218DA712DD4AA70002BF840 /* ContentView.swift in Sources */ = {isa = PBXBuildFile; fileRef = B218DA702DD4AA70002BF840 /* ContentView.swift */; };
		B218DA732DD4AA72002BF840 /* Assets.xcassets in Resources */ = {isa = PBXBuildFile; fileRef = B218DA722DD4AA72002BF840 /* Assets.xcassets */; };
		B218DA762DD4AA72002BF840 /* Preview Assets.xcassets in Resources */ = {isa = PBXBuildFile; fileRef = B218DA752DD4AA72002BF840 /* Preview Assets.xcassets */; };
		B23E6AEB2DD4B856001C0552 /* ListView.swift in Sources */ = {isa = PBXBuildFile; fileRef = B23E6AEA2DD4B856001C0552 /* ListView.swift */; };
		B2AD2F8F2DEF08130097E964 /* ListRowVIew.swift in Sources */ = {isa = PBXBuildFile; fileRef = B2AD2F8E2DEF08130097E964 /* ListRowVIew.swift */; };
		B2AD2F912DEF16040097E964 /* AddView.swift in Sources */ = {isa = PBXBuildFile; fileRef = B2AD2F902DEF16040097E964 /* AddView.swift */; };
		B2AD2F942DF034BD0097E964 /* ItemModel.swift in Sources */ = {isa = PBXBuildFile; fileRef = B2AD2F932DF034BD0097E964 /* ItemModel.swift */; };
		B2FCCA9F2E1D867200436205 /* ListViewModel.swift in Sources */ = {isa = PBXBuildFile; fileRef = B2FCCA9E2E1D867200436205 /* ListViewModel.swift */; };
/* End PBXBuildFile section */

/* Begin PBXFileReference section */
		B218DA6B2DD4AA70002BF840 /* Todolist.app */ = {isa = PBXFileReference; explicitFileType = wrapper.application; includeInIndex = 0; path = Todolist.app; sourceTree = BUILT_PRODUCTS_DIR; };
		B218DA6E2DD4AA70002BF840 /* TodolistApp.swift */ = {isa = PBXFileReference; lastKnownFileType = sourcecode.swift; path = TodolistApp.swift; sourceTree = "<group>"; };
		B218DA702DD4AA70002BF840 /* ContentView.swift */ = {isa = PBXFileReference; lastKnownFileType = sourcecode.swift; path = ContentView.swift; sourceTree = "<group>"; };
		B218DA722DD4AA72002BF840 /* Assets.xcassets */ = {isa = PBXFileReference; lastKnownFileType = folder.assetcatalog; path = Assets.xcassets; sourceTree = "<group>"; };
		B218DA752DD4AA72002BF840 /* Preview Assets.xcassets */ = {isa = PBXFileReference; lastKnownFileType = folder.assetcatalog; path = "Preview Assets.xcassets"; sourceTree = "<group>"; };
		B23E6AEA2DD4B856001C0552 /* ListView.swift */ = {isa = PBXFileReference; lastKnownFileType = sourcecode.swift; path = ListView.swift; sourceTree = "<group>"; };
		B2AD2F8E2DEF08130097E964 /* ListRowVIew.swift */ = {isa = PBXFileReference; lastKnownFileType = sourcecode.swift; path = ListRowVIew.swift; sourceTree = "<group>"; };
		B2AD2F902DEF16040097E964 /* AddView.swift */ = {isa = PBXFileReference; lastKnownFileType = sourcecode.swift; path = AddView.swift; sourceTree = "<group>"; };
		B2AD2F932DF034BD0097E964 /* ItemModel.swift */ = {isa = PBXFileReference; lastKnownFileType = sourcecode.swift; path = ItemModel.swift; sourceTree = "<group>"; };
		B2FCCA9E2E1D867200436205 /* ListViewModel.swift */ = {isa = PBXFileReference; lastKnownFileType = sourcecode.swift; path = ListViewModel.swift; sourceTree = "<group>"; };
/* End PBXFileReference section */

/* Begin PBXFrameworksBuildPhase section */
		B218DA682DD4AA70002BF840 /* Frameworks */ = {
			isa = PBXFrameworksBuildPhase;
			buildActionMask = 2147483647;
			files = (
			);
			runOnlyForDeploymentPostprocessing = 0;
		};
/* End PBXFrameworksBuildPhase section */

/* Begin PBXGroup section */
		B218DA622DD4AA70002BF840 = {
			isa = PBXGroup;
			children = (
				B218DA6D2DD4AA70002BF840 /* Todolist */,
				B218DA6C2DD4AA70002BF840 /* Products */,
			);
			sourceTree = "<group>";
		};
		B218DA6C2DD4AA70002BF840 /* Products */ = {
			isa = PBXGroup;
			children = (
				B218DA6B2DD4AA70002BF840 /* Todolist.app */,
			);
			name = Products;
			sourceTree = "<group>";
		};
		B218DA6D2DD4AA70002BF840 /* Todolist */ = {
			isa = PBXGroup;
			children = (
				B218DA6E2DD4AA70002BF840 /* TodolistApp.swift */,
				B218DA702DD4AA70002BF840 /* ContentView.swift */,
				B2AD2F922DF034820097E964 /* Models */,
				B2FCCA9D2E1D862E00436205 /* ViewModel */,
				B23E6AE72DD4B7E9001C0552 /* Views */,
				B218DA722DD4AA72002BF840 /* Assets.xcassets */,
				B218DA742DD4AA72002BF840 /* Preview Content */,
			);
			path = Todolist;
			sourceTree = "<group>";
		};
		B218DA742DD4AA72002BF840 /* Preview Content */ = {
			isa = PBXGroup;
			children = (
				B218DA752DD4AA72002BF840 /* Preview Assets.xcassets */,
			);
			path = "Preview Content";
			sourceTree = "<group>";
		};
		B23E6AE72DD4B7E9001C0552 /* Views */ = {
			isa = PBXGroup;
			children = (
				B23E6AEA2DD4B856001C0552 /* ListView.swift */,
				B2AD2F8E2DEF08130097E964 /* ListRowVIew.swift */,
				B2AD2F902DEF16040097E964 /* AddView.swift */,
			);
			path = Views;
			sourceTree = "<group>";
		};
		B2AD2F922DF034820097E964 /* Models */ = {
			isa = PBXGroup;
			children = (
				B2AD2F932DF034BD0097E964 /* ItemModel.swift */,
			);
			path = Models;
			sourceTree = "<group>";
		};
		B2FCCA9D2E1D862E00436205 /* ViewModel */ = {
			isa = PBXGroup;
			children = (
				B2FCCA9E2E1D867200436205 /* ListViewModel.swift */,
			);
			path = ViewModel;
			sourceTree = "<group>";
		};
/* End PBXGroup section */

/* Begin PBXNativeTarget section */
		B218DA6A2DD4AA70002BF840 /* Todolist */ = {
			isa = PBXNativeTarget;
			buildConfigurationList = B218DA792DD4AA72002BF840 /* Build configuration list for PBXNativeTarget "Todolist" */;
			buildPhases = (
				B218DA672DD4AA70002BF840 /* Sources */,
				B218DA682DD4AA70002BF840 /* Frameworks */,
				B218DA692DD4AA70002BF840 /* Resources */,
			);
			buildRules = (
			);
			dependencies = (
			);
			name = Todolist;
			productName = Todolist;
			productReference = B218DA6B2DD4AA70002BF840 /* Todolist.app */;
			productType = "com.apple.product-type.application";
		};
/* End PBXNativeTarget section */

/* Begin PBXProject section */
		B218DA632DD4AA70002BF840 /* Project object */ = {
			isa = PBXProject;
			attributes = {
				BuildIndependentTargetsInParallel = 1;
				LastSwiftUpdateCheck = 1510;
				LastUpgradeCheck = 1510;
				TargetAttributes = {
					B218DA6A2DD4AA70002BF840 = {
						CreatedOnToolsVersion = 15.1;
					};
				};
			};
			buildConfigurationList = B218DA662DD4AA70002BF840 /* Build configuration list for PBXProject "Todolist" */;
			compatibilityVersion = "Xcode 14.0";
			developmentRegion = en;
			hasScannedForEncodings = 0;
			knownRegions = (
				en,
				Base,
			);
			mainGroup = B218DA622DD4AA70002BF840;
			productRefGroup = B218DA6C2DD4AA70002BF840 /* Products */;
			projectDirPath = "";
			projectRoot = "";
			targets = (
				B218DA6A2DD4AA70002BF840 /* Todolist */,
			);
		};
/* End PBXProject section */

/* Begin PBXResourcesBuildPhase section */
		B218DA692DD4AA70002BF840 /* Resources */ = {
			isa = PBXResourcesBuildPhase;
			buildActionMask = 2147483647;
			files = (
				B218DA762DD4AA72002BF840 /* Preview Assets.xcassets in Resources */,
				B218DA732DD4AA72002BF840 /* Assets.xcassets in Resources */,
			);
			runOnlyForDeploymentPostprocessing = 0;
		};
/* End PBXResourcesBuildPhase section */

/* Begin PBXSourcesBuildPhase section */
		B218DA672DD4AA70002BF840 /* Sources */ = {
			isa = PBXSourcesBuildPhase;
			buildActionMask = 2147483647;
			files = (
				B2AD2F942DF034BD0097E964 /* ItemModel.swift in Sources */,
				B218DA712DD4AA70002BF840 /* ContentView.swift in Sources */,
				B2FCCA9F2E1D867200436205 /* ListViewModel.swift in Sources */,
				B218DA6F2DD4AA70002BF840 /* TodolistApp.swift in Sources */,
				B2AD2F912DEF16040097E964 /* AddView.swift in Sources */,
				B23E6AEB2DD4B856001C0552 /* ListView.swift in Sources */,
				B2AD2F8F2DEF08130097E964 /* ListRowVIew.swift in Sources */,
			);
			runOnlyForDeploymentPostprocessing = 0;
		};
/* End PBXSourcesBuildPhase section */

/* Begin XCBuildConfiguration section */
		B218DA772DD4AA72002BF840 /* Debug */ = {
			isa = XCBuildConfiguration;
			buildSettings = {
				ALWAYS_SEARCH_USER_PATHS = NO;
				ASSETCATALOG_COMPILER_GENERATE_SWIFT_ASSET_SYMBOL_EXTENSIONS = YES;
				CLANG_ANALYZER_NONNULL = YES;
				CLANG_ANALYZER_NUMBER_OBJECT_CONVERSION = YES_AGGRESSIVE;
				CLANG_CXX_LANGUAGE_STANDARD = "gnu++20";
				CLANG_ENABLE_MODULES = YES;
				CLANG_ENABLE_OBJC_ARC = YES;
				CLANG_ENABLE_OBJC_WEAK = YES;
				CLANG_WARN_BLOCK_CAPTURE_AUTORELEASING = YES;
				CLANG_WARN_BOOL_CONVERSION = YES;
				CLANG_WARN_COMMA = YES;
				CLANG_WARN_CONSTANT_CONVERSION = YES;
				CLANG_WARN_DEPRECATED_OBJC_IMPLEMENTATIONS = YES;
				CLANG_WARN_DIRECT_OBJC_ISA_USAGE = YES_ERROR;
				CLANG_WARN_DOCUMENTATION_COMMENTS = YES;
				CLANG_WARN_EMPTY_BODY = YES;
				CLANG_WARN_ENUM_CONVERSION = YES;
				CLANG_WARN_INFINITE_RECURSION = YES;
				CLANG_WARN_INT_CONVERSION = YES;
				CLANG_WARN_NON_LITERAL_NULL_CONVERSION = YES;
				CLANG_WARN_OBJC_IMPLICIT_RETAIN_SELF = YES;
				CLANG_WARN_OBJC_LITERAL_CONVERSION = YES;
				CLANG_WARN_OBJC_ROOT_CLASS = YES_ERROR;
				CLANG_WARN_QUOTED_INCLUDE_IN_FRAMEWORK_HEADER = YES;
				CLANG_WARN_RANGE_LOOP_ANALYSIS = YES;
				CLANG_WARN_STRICT_PROTOTYPES = YES;
				CLANG_WARN_SUSPICIOUS_MOVE = YES;
				CLANG_WARN_UNGUARDED_AVAILABILITY = YES_AGGRESSIVE;
				CLANG_WARN_UNREACHABLE_CODE = YES;
				CLANG_WARN__DUPLICATE_METHOD_MATCH = YES;
				COPY_PHASE_STRIP = NO;
				DEBUG_INFORMATION_FORMAT = dwarf;
				ENABLE_STRICT_OBJC_MSGSEND = YES;
				ENABLE_TESTABILITY = YES;
				ENABLE_USER_SCRIPT_SANDBOXING = YES;
				GCC_C_LANGUAGE_STANDARD = gnu17;
				GCC_DYNAMIC_NO_PIC = NO;
				GCC_NO_COMMON_BLOCKS = YES;
				GCC_OPTIMIZATION_LEVEL = 0;
				GCC_PREPROCESSOR_DEFINITIONS = (
					"DEBUG=1",
					"$(inherited)",
				);
				GCC_WARN_64_TO_32_BIT_CONVERSION = YES;
				GCC_WARN_ABOUT_RETURN_TYPE = YES_ERROR;
				GCC_WARN_UNDECLARED_SELECTOR = YES;
				GCC_WARN_UNINITIALIZED_AUTOS = YES_AGGRESSIVE;
				GCC_WARN_UNUSED_FUNCTION = YES;
				GCC_WARN_UNUSED_VARIABLE = YES;
				IPHONEOS_DEPLOYMENT_TARGET = 17.2;
				LOCALIZATION_PREFERS_STRING_CATALOGS = YES;
				MTL_ENABLE_DEBUG_INFO = INCLUDE_SOURCE;
				MTL_FAST_MATH = YES;
				ONLY_ACTIVE_ARCH = YES;
				SDKROOT = iphoneos;
				SWIFT_ACTIVE_COMPILATION_CONDITIONS = "DEBUG $(inherited)";
				SWIFT_OPTIMIZATION_LEVEL = "-Onone";
			};
			name = Debug;
		};
		B218DA782DD4AA72002BF840 /* Release */ = {
			isa = XCBuildConfiguration;
			buildSettings = {
				ALWAYS_SEARCH_USER_PATHS = NO;
				ASSETCATALOG_COMPILER_GENERATE_SWIFT_ASSET_SYMBOL_EXTENSIONS = YES;
				CLANG_ANALYZER_NONNULL = YES;
				CLANG_ANALYZER_NUMBER_OBJECT_CONVERSION = YES_AGGRESSIVE;
				CLANG_CXX_LANGUAGE_STANDARD = "gnu++20";
				CLANG_ENABLE_MODULES = YES;
				CLANG_ENABLE_OBJC_ARC = YES;
				CLANG_ENABLE_OBJC_WEAK = YES;
				CLANG_WARN_BLOCK_CAPTURE_AUTORELEASING = YES;
				CLANG_WARN_BOOL_CONVERSION = YES;
				CLANG_WARN_COMMA = YES;
				CLANG_WARN_CONSTANT_CONVERSION = YES;
				CLANG_WARN_DEPRECATED_OBJC_IMPLEMENTATIONS = YES;
				CLANG_WARN_DIRECT_OBJC_ISA_USAGE = YES_ERROR;
				CLANG_WARN_DOCUMENTATION_COMMENTS = YES;
				CLANG_WARN_EMPTY_BODY = YES;
				CLANG_WARN_ENUM_CONVERSION = YES;
				CLANG_WARN_INFINITE_RECURSION = YES;
				CLANG_WARN_INT_CONVERSION = YES;
				CLANG_WARN_NON_LITERAL_NULL_CONVERSION = YES;
				CLANG_WARN_OBJC_IMPLICIT_RETAIN_SELF = YES;
				CLANG_WARN_OBJC_LITERAL_CONVERSION = YES;
				CLANG_WARN_OBJC_ROOT_CLASS = YES_ERROR;
				CLANG_WARN_QUOTED_INCLUDE_IN_FRAMEWORK_HEADER = YES;
				CLANG_WARN_RANGE_LOOP_ANALYSIS = YES;
				CLANG_WARN_STRICT_PROTOTYPES = YES;
				CLANG_WARN_SUSPICIOUS_MOVE = YES;
				CLANG_WARN_UNGUARDED_AVAILABILITY = YES_AGGRESSIVE;
				CLANG_WARN_UNREACHABLE_CODE = YES;
				CLANG_WARN__DUPLICATE_METHOD_MATCH = YES;
				COPY_PHASE_STRIP = NO;
				DEBUG_INFORMATION_FORMAT = "dwarf-with-dsym";
				ENABLE_NS_ASSERTIONS = NO;
				ENABLE_STRICT_OBJC_MSGSEND = YES;
				ENABLE_USER_SCRIPT_SANDBOXING = YES;
				GCC_C_LANGUAGE_STANDARD = gnu17;
				GCC_NO_COMMON_BLOCKS = YES;
				GCC_WARN_64_TO_32_BIT_CONVERSION = YES;
				GCC_WARN_ABOUT_RETURN_TYPE = YES_ERROR;
				GCC_WARN_UNDECLARED_SELECTOR = YES;
				GCC_WARN_UNINITIALIZED_AUTOS = YES_AGGRESSIVE;
				GCC_WARN_UNUSED_FUNCTION = YES;
				GCC_WARN_UNUSED_VARIABLE = YES;
				IPHONEOS_DEPLOYMENT_TARGET = 17.2;
				LOCALIZATION_PREFERS_STRING_CATALOGS = YES;
				MTL_ENABLE_DEBUG_INFO = NO;
				MTL_FAST_MATH = YES;
				SDKROOT = iphoneos;
				SWIFT_COMPILATION_MODE = wholemodule;
				VALIDATE_PRODUCT = YES;
			};
			name = Release;
		};
		B218DA7A2DD4AA72002BF840 /* Debug */ = {
			isa = XCBuildConfiguration;
			buildSettings = {
				ASSETCATALOG_COMPILER_APPICON_NAME = AppIcon;
				ASSETCATALOG_COMPILER_GLOBAL_ACCENT_COLOR_NAME = AccentColor;
				CODE_SIGN_STYLE = Automatic;
				CURRENT_PROJECT_VERSION = 1;
				DEVELOPMENT_ASSET_PATHS = "\"Todolist/Preview Content\"";
				DEVELOPMENT_TEAM = 2PNGR4426C;
				ENABLE_PREVIEWS = YES;
				GENERATE_INFOPLIST_FILE = YES;
				INFOPLIST_KEY_UIApplicationSceneManifest_Generation = YES;
				INFOPLIST_KEY_UIApplicationSupportsIndirectInputEvents = YES;
				INFOPLIST_KEY_UILaunchScreen_Generation = YES;
				INFOPLIST_KEY_UISupportedInterfaceOrientations_iPad = "UIInterfaceOrientationPortrait UIInterfaceOrientationPortraitUpsideDown UIInterfaceOrientationLandscapeLeft UIInterfaceOrientationLandscapeRight";
				INFOPLIST_KEY_UISupportedInterfaceOrientations_iPhone = "UIInterfaceOrientationPortrait UIInterfaceOrientationLandscapeLeft UIInterfaceOrientationLandscapeRight";
				LD_RUNPATH_SEARCH_PATHS = (
					"$(inherited)",
					"@executable_path/Frameworks",
				);
				MARKETING_VERSION = 1.0;
				PRODUCT_BUNDLE_IDENTIFIER = tarun.Todolist;
				PRODUCT_NAME = "$(TARGET_NAME)";
				SWIFT_EMIT_LOC_STRINGS = YES;
				SWIFT_VERSION = 5.0;
				TARGETED_DEVICE_FAMILY = "1,2";
			};
			name = Debug;
		};
		B218DA7B2DD4AA72002BF840 /* Release */ = {
			isa = XCBuildConfiguration;
			buildSettings = {
				ASSETCATALOG_COMPILER_APPICON_NAME = AppIcon;
				ASSETCATALOG_COMPILER_GLOBAL_ACCENT_COLOR_NAME = AccentColor;
				CODE_SIGN_STYLE = Automatic;
				CURRENT_PROJECT_VERSION = 1;
				DEVELOPMENT_ASSET_PATHS = "\"Todolist/Preview Content\"";
				DEVELOPMENT_TEAM = 2PNGR4426C;
				ENABLE_PREVIEWS = YES;
				GENERATE_INFOPLIST_FILE = YES;
				INFOPLIST_KEY_UIApplicationSceneManifest_Generation = YES;
				INFOPLIST_KEY_UIApplicationSupportsIndirectInputEvents = YES;
				INFOPLIST_KEY_UILaunchScreen_Generation = YES;
				INFOPLIST_KEY_UISupportedInterfaceOrientations_iPad = "UIInterfaceOrientationPortrait UIInterfaceOrientationPortraitUpsideDown UIInterfaceOrientationLandscapeLeft UIInterfaceOrientationLandscapeRight";
				INFOPLIST_KEY_UISupportedInterfaceOrientations_iPhone = "UIInterfaceOrientationPortrait UIInterfaceOrientationLandscapeLeft UIInterfaceOrientationLandscapeRight";
				LD_RUNPATH_SEARCH_PATHS = (
					"$(inherited)",
					"@executable_path/Frameworks",
				);
				MARKETING_VERSION = 1.0;
				PRODUCT_BUNDLE_IDENTIFIER = tarun.Todolist;
				PRODUCT_NAME = "$(TARGET_NAME)";
				SWIFT_EMIT_LOC_STRINGS = YES;
				SWIFT_VERSION = 5.0;
				TARGETED_DEVICE_FAMILY = "1,2";
			};
			name = Release;
		};
/* End XCBuildConfiguration section */

/* Begin XCConfigurationList section */
		B218DA662DD4AA70002BF840 /* Build configuration list for PBXProject "Todolist" */ = {
			isa = XCConfigurationList;
			buildConfigurations = (
				B218DA772DD4AA72002BF840 /* Debug */,
				B218DA782DD4AA72002BF840 /* Release */,
			);
			defaultConfigurationIsVisible = 0;
			defaultConfigurationName = Release;
		};
		B218DA792DD4AA72002BF840 /* Build configuration list for PBXNativeTarget "Todolist" */ = {
			isa = XCConfigurationList;
			buildConfigurations = (
				B218DA7A2DD4AA72002BF840 /* Debug */,
				B218DA7B2DD4AA72002BF840 /* Release */,
			);
			defaultConfigurationIsVisible = 0;
			defaultConfigurationName = Release;
		};
/* End XCConfigurationList section */
	};
	rootObject = B218DA632DD4AA70002BF840 /* Project object */;
}
